// !$*UTF8*$!
{
	archiveVersion = 1;
	classes = {
	};
	objectVersion = 46;
	objects = {

/* Begin PBXBuildFile section */
		41709C598D8CBD5B64EA0BDD /* Pods_ARTwitterUITests.framework in Frameworks */ = {isa = PBXBuildFile; fileRef = 8002776E02A95E1D2241DC99 /* Pods_ARTwitterUITests.framework */; };
		75009D2E1F4E9D4F002021DC /* AnnotationView.swift in Sources */ = {isa = PBXBuildFile; fileRef = 75009D2D1F4E9D4F002021DC /* AnnotationView.swift */; };
		75009D301F4E9D58002021DC /* Place.swift in Sources */ = {isa = PBXBuildFile; fileRef = 75009D2F1F4E9D58002021DC /* Place.swift */; };
		75009D321F4E9D5E002021DC /* PlaceAnnotation.swift in Sources */ = {isa = PBXBuildFile; fileRef = 75009D311F4E9D5E002021DC /* PlaceAnnotation.swift */; };
		75009D341F4E9D66002021DC /* PlacesLoader.swift in Sources */ = {isa = PBXBuildFile; fileRef = 75009D331F4E9D65002021DC /* PlacesLoader.swift */; };
		75009D631F4EADCE002021DC /* ARAnnotation.swift in Sources */ = {isa = PBXBuildFile; fileRef = 75009D571F4EAD86002021DC /* ARAnnotation.swift */; };
		75009D641F4EADCE002021DC /* ARAnnotationView.swift in Sources */ = {isa = PBXBuildFile; fileRef = 75009D581F4EAD86002021DC /* ARAnnotationView.swift */; };
		75009D651F4EADCE002021DC /* ARConfiguration.swift in Sources */ = {isa = PBXBuildFile; fileRef = 75009D591F4EAD86002021DC /* ARConfiguration.swift */; };
		75009D661F4EADCE002021DC /* ARTrackingManager.swift in Sources */ = {isa = PBXBuildFile; fileRef = 75009D5A1F4EAD86002021DC /* ARTrackingManager.swift */; };
		75009D671F4EADCE002021DC /* ARViewController.swift in Sources */ = {isa = PBXBuildFile; fileRef = 75009D5B1F4EAD86002021DC /* ARViewController.swift */; };
		75009D681F4EADCE002021DC /* DebugMapViewController.swift in Sources */ = {isa = PBXBuildFile; fileRef = 75009D5D1F4EAD86002021DC /* DebugMapViewController.swift */; };
		752BB38A1F4D1793000C2733 /* CameraViewController.swift in Sources */ = {isa = PBXBuildFile; fileRef = 752BB3891F4D1793000C2733 /* CameraViewController.swift */; };
		754BCCF81F4F32CF00632F6C /* DebugMapViewController.xib in Resources */ = {isa = PBXBuildFile; fileRef = 75009D5F1F4EAD86002021DC /* DebugMapViewController.xib */; };
		754BCCF91F4F32CF00632F6C /* hdar_close.png in Resources */ = {isa = PBXBuildFile; fileRef = 75009D601F4EAD86002021DC /* hdar_close.png */; };
		754BCCFA1F4F32CF00632F6C /* hdar_close@2x.png in Resources */ = {isa = PBXBuildFile; fileRef = 75009D611F4EAD86002021DC /* hdar_close@2x.png */; };
		754BCCFB1F4F32CF00632F6C /* hdar_close@3x.png in Resources */ = {isa = PBXBuildFile; fileRef = 75009D621F4EAD86002021DC /* hdar_close@3x.png */; };
		754EF99C1F4EC5E2009516A1 /* ViewController.swift in Sources */ = {isa = PBXBuildFile; fileRef = 754EF99B1F4EC5E2009516A1 /* ViewController.swift */; };
		75642A121F4D1E0100863E10 /* TestViewController.swift in Sources */ = {isa = PBXBuildFile; fileRef = 75642A111F4D1E0100863E10 /* TestViewController.swift */; };
		756F91761F4EBD3700DD380C /* MapKit.framework in Frameworks */ = {isa = PBXBuildFile; fileRef = 756F91751F4EBD3600DD380C /* MapKit.framework */; };
		756F91781F4EBD4200DD380C /* CoreMotion.framework in Frameworks */ = {isa = PBXBuildFile; fileRef = 756F91771F4EBD4200DD380C /* CoreMotion.framework */; };
		756F917A1F4EBD4A00DD380C /* CoreLocation.framework in Frameworks */ = {isa = PBXBuildFile; fileRef = 756F91791F4EBD4A00DD380C /* CoreLocation.framework */; };
		75BA30F01F4EC0EA00119E7A /* Main.storyboard in Resources */ = {isa = PBXBuildFile; fileRef = 75BA30EF1F4EC0EA00119E7A /* Main.storyboard */; };
		75DC4FF41F4C4EEA00A87529 /* TwitterCommunicator.swift in Sources */ = {isa = PBXBuildFile; fileRef = 75DC4FF31F4C4EEA00A87529 /* TwitterCommunicator.swift */; };
		75DF91551F4CF86500D31A51 /* WebViewController.swift in Sources */ = {isa = PBXBuildFile; fileRef = 75DF91541F4CF86500D31A51 /* WebViewController.swift */; };
		75DF91571F4CFA3000D31A51 /* NextViewContoller.swift in Sources */ = {isa = PBXBuildFile; fileRef = 75DF91561F4CFA3000D31A51 /* NextViewContoller.swift */; };
		75E3EC181F3C77540089EB25 /* AppDelegate.swift in Sources */ = {isa = PBXBuildFile; fileRef = 75E3EC171F3C77540089EB25 /* AppDelegate.swift */; };
		75E3EC1A1F3C77540089EB25 /* loginViewController.swift in Sources */ = {isa = PBXBuildFile; fileRef = 75E3EC191F3C77540089EB25 /* loginViewController.swift */; };
		75E3EC201F3C77540089EB25 /* ARTwitter.xcdatamodeld in Sources */ = {isa = PBXBuildFile; fileRef = 75E3EC1E1F3C77540089EB25 /* ARTwitter.xcdatamodeld */; };
		75E3EC221F3C77540089EB25 /* Assets.xcassets in Resources */ = {isa = PBXBuildFile; fileRef = 75E3EC211F3C77540089EB25 /* Assets.xcassets */; };
		75E3EC251F3C77540089EB25 /* LaunchScreen.storyboard in Resources */ = {isa = PBXBuildFile; fileRef = 75E3EC231F3C77540089EB25 /* LaunchScreen.storyboard */; };
		75E3EC301F3C77550089EB25 /* ARTwitterTests.swift in Sources */ = {isa = PBXBuildFile; fileRef = 75E3EC2F1F3C77550089EB25 /* ARTwitterTests.swift */; };
		75E3EC3B1F3C77550089EB25 /* ARTwitterUITests.swift in Sources */ = {isa = PBXBuildFile; fileRef = 75E3EC3A1F3C77550089EB25 /* ARTwitterUITests.swift */; };
		AC53915186EF4046D02758D8 /* Pods_ARTwitter.framework in Frameworks */ = {isa = PBXBuildFile; fileRef = ABC03A4DC27D5176E2F118EC /* Pods_ARTwitter.framework */; };
		D094F6D11F493AC500210D7C /* TimeLineView.swift in Sources */ = {isa = PBXBuildFile; fileRef = D094F6D01F493AC500210D7C /* TimeLineView.swift */; };
		DA353C264E30FFB456231E2A /* Pods_ARTwitterTests.framework in Frameworks */ = {isa = PBXBuildFile; fileRef = 61F519CE83A3979C87A6F826 /* Pods_ARTwitterTests.framework */; };
/* End PBXBuildFile section */

/* Begin PBXContainerItemProxy section */
		75E3EC2C1F3C77550089EB25 /* PBXContainerItemProxy */ = {
			isa = PBXContainerItemProxy;
			containerPortal = 75E3EC0C1F3C77540089EB25 /* Project object */;
			proxyType = 1;
			remoteGlobalIDString = 75E3EC131F3C77540089EB25;
			remoteInfo = ARTwitter;
		};
		75E3EC371F3C77550089EB25 /* PBXContainerItemProxy */ = {
			isa = PBXContainerItemProxy;
			containerPortal = 75E3EC0C1F3C77540089EB25 /* Project object */;
			proxyType = 1;
			remoteGlobalIDString = 75E3EC131F3C77540089EB25;
			remoteInfo = ARTwitter;
		};
/* End PBXContainerItemProxy section */

/* Begin PBXFileReference section */
		1100588E733A467D5FAD7F9E /* Pods-ARTwitter.release.xcconfig */ = {isa = PBXFileReference; includeInIndex = 1; lastKnownFileType = text.xcconfig; name = "Pods-ARTwitter.release.xcconfig"; path = "Pods/Target Support Files/Pods-ARTwitter/Pods-ARTwitter.release.xcconfig"; sourceTree = "<group>"; };
		4584ADB4388348D5967E8659 /* Pods-ARTwitterTests.release.xcconfig */ = {isa = PBXFileReference; includeInIndex = 1; lastKnownFileType = text.xcconfig; name = "Pods-ARTwitterTests.release.xcconfig"; path = "Pods/Target Support Files/Pods-ARTwitterTests/Pods-ARTwitterTests.release.xcconfig"; sourceTree = "<group>"; };
		51515F134596A5B11374D29A /* Pods-ARTwitterUITests.release.xcconfig */ = {isa = PBXFileReference; includeInIndex = 1; lastKnownFileType = text.xcconfig; name = "Pods-ARTwitterUITests.release.xcconfig"; path = "Pods/Target Support Files/Pods-ARTwitterUITests/Pods-ARTwitterUITests.release.xcconfig"; sourceTree = "<group>"; };
		61F519CE83A3979C87A6F826 /* Pods_ARTwitterTests.framework */ = {isa = PBXFileReference; explicitFileType = wrapper.framework; includeInIndex = 0; path = Pods_ARTwitterTests.framework; sourceTree = BUILT_PRODUCTS_DIR; };
		6606AAEC89332B7801922320 /* Pods-ARTwitterTests.debug.xcconfig */ = {isa = PBXFileReference; includeInIndex = 1; lastKnownFileType = text.xcconfig; name = "Pods-ARTwitterTests.debug.xcconfig"; path = "Pods/Target Support Files/Pods-ARTwitterTests/Pods-ARTwitterTests.debug.xcconfig"; sourceTree = "<group>"; };
		75009D2D1F4E9D4F002021DC /* AnnotationView.swift */ = {isa = PBXFileReference; lastKnownFileType = sourcecode.swift; path = AnnotationView.swift; sourceTree = "<group>"; };
		75009D2F1F4E9D58002021DC /* Place.swift */ = {isa = PBXFileReference; lastKnownFileType = sourcecode.swift; path = Place.swift; sourceTree = "<group>"; };
		75009D311F4E9D5E002021DC /* PlaceAnnotation.swift */ = {isa = PBXFileReference; lastKnownFileType = sourcecode.swift; path = PlaceAnnotation.swift; sourceTree = "<group>"; };
		75009D331F4E9D65002021DC /* PlacesLoader.swift */ = {isa = PBXFileReference; lastKnownFileType = sourcecode.swift; path = PlacesLoader.swift; sourceTree = "<group>"; };
		75009D571F4EAD86002021DC /* ARAnnotation.swift */ = {isa = PBXFileReference; lastKnownFileType = sourcecode.swift; path = ARAnnotation.swift; sourceTree = "<group>"; };
		75009D581F4EAD86002021DC /* ARAnnotationView.swift */ = {isa = PBXFileReference; lastKnownFileType = sourcecode.swift; path = ARAnnotationView.swift; sourceTree = "<group>"; };
		75009D591F4EAD86002021DC /* ARConfiguration.swift */ = {isa = PBXFileReference; lastKnownFileType = sourcecode.swift; path = ARConfiguration.swift; sourceTree = "<group>"; };
		75009D5A1F4EAD86002021DC /* ARTrackingManager.swift */ = {isa = PBXFileReference; lastKnownFileType = sourcecode.swift; path = ARTrackingManager.swift; sourceTree = "<group>"; };
		75009D5B1F4EAD86002021DC /* ARViewController.swift */ = {isa = PBXFileReference; lastKnownFileType = sourcecode.swift; path = ARViewController.swift; sourceTree = "<group>"; };
		75009D5D1F4EAD86002021DC /* DebugMapViewController.swift */ = {isa = PBXFileReference; lastKnownFileType = sourcecode.swift; path = DebugMapViewController.swift; sourceTree = "<group>"; };
		75009D5F1F4EAD86002021DC /* DebugMapViewController.xib */ = {isa = PBXFileReference; lastKnownFileType = file.xib; path = DebugMapViewController.xib; sourceTree = "<group>"; };
		75009D601F4EAD86002021DC /* hdar_close.png */ = {isa = PBXFileReference; lastKnownFileType = image.png; path = hdar_close.png; sourceTree = "<group>"; };
		75009D611F4EAD86002021DC /* hdar_close@2x.png */ = {isa = PBXFileReference; lastKnownFileType = image.png; path = "hdar_close@2x.png"; sourceTree = "<group>"; };
		75009D621F4EAD86002021DC /* hdar_close@3x.png */ = {isa = PBXFileReference; lastKnownFileType = image.png; path = "hdar_close@3x.png"; sourceTree = "<group>"; };
		752BB3891F4D1793000C2733 /* CameraViewController.swift */ = {isa = PBXFileReference; fileEncoding = 4; lastKnownFileType = sourcecode.swift; path = CameraViewController.swift; sourceTree = "<group>"; };
		754EF99B1F4EC5E2009516A1 /* ViewController.swift */ = {isa = PBXFileReference; lastKnownFileType = sourcecode.swift; path = ViewController.swift; sourceTree = "<group>"; };
		75642A111F4D1E0100863E10 /* TestViewController.swift */ = {isa = PBXFileReference; fileEncoding = 4; lastKnownFileType = sourcecode.swift; path = TestViewController.swift; sourceTree = "<group>"; };
		756F91751F4EBD3600DD380C /* MapKit.framework */ = {isa = PBXFileReference; lastKnownFileType = wrapper.framework; name = MapKit.framework; path = System/Library/Frameworks/MapKit.framework; sourceTree = SDKROOT; };
		756F91771F4EBD4200DD380C /* CoreMotion.framework */ = {isa = PBXFileReference; lastKnownFileType = wrapper.framework; name = CoreMotion.framework; path = System/Library/Frameworks/CoreMotion.framework; sourceTree = SDKROOT; };
		756F91791F4EBD4A00DD380C /* CoreLocation.framework */ = {isa = PBXFileReference; lastKnownFileType = wrapper.framework; name = CoreLocation.framework; path = System/Library/Frameworks/CoreLocation.framework; sourceTree = SDKROOT; };
		75BA30EF1F4EC0EA00119E7A /* Main.storyboard */ = {isa = PBXFileReference; fileEncoding = 4; lastKnownFileType = file.storyboard; path = Main.storyboard; sourceTree = "<group>"; };
		75DC4FF31F4C4EEA00A87529 /* TwitterCommunicator.swift */ = {isa = PBXFileReference; fileEncoding = 4; lastKnownFileType = sourcecode.swift; path = TwitterCommunicator.swift; sourceTree = "<group>"; };
		75DF91541F4CF86500D31A51 /* WebViewController.swift */ = {isa = PBXFileReference; fileEncoding = 4; lastKnownFileType = sourcecode.swift; path = WebViewController.swift; sourceTree = "<group>"; };
		75DF91561F4CFA3000D31A51 /* NextViewContoller.swift */ = {isa = PBXFileReference; fileEncoding = 4; lastKnownFileType = sourcecode.swift; path = NextViewContoller.swift; sourceTree = "<group>"; };
		75E3EC141F3C77540089EB25 /* ARTwitter.app */ = {isa = PBXFileReference; explicitFileType = wrapper.application; includeInIndex = 0; path = ARTwitter.app; sourceTree = BUILT_PRODUCTS_DIR; };
		75E3EC171F3C77540089EB25 /* AppDelegate.swift */ = {isa = PBXFileReference; lastKnownFileType = sourcecode.swift; path = AppDelegate.swift; sourceTree = "<group>"; };
		75E3EC191F3C77540089EB25 /* loginViewController.swift */ = {isa = PBXFileReference; lastKnownFileType = sourcecode.swift; path = loginViewController.swift; sourceTree = "<group>"; };
		75E3EC1F1F3C77540089EB25 /* ARTwitter.xcdatamodel */ = {isa = PBXFileReference; lastKnownFileType = wrapper.xcdatamodel; path = ARTwitter.xcdatamodel; sourceTree = "<group>"; };
		75E3EC211F3C77540089EB25 /* Assets.xcassets */ = {isa = PBXFileReference; lastKnownFileType = folder.assetcatalog; path = Assets.xcassets; sourceTree = "<group>"; };
		75E3EC241F3C77540089EB25 /* Base */ = {isa = PBXFileReference; lastKnownFileType = file.storyboard; name = Base; path = Base.lproj/LaunchScreen.storyboard; sourceTree = "<group>"; };
		75E3EC261F3C77540089EB25 /* Info.plist */ = {isa = PBXFileReference; lastKnownFileType = text.plist.xml; path = Info.plist; sourceTree = "<group>"; };
		75E3EC2B1F3C77550089EB25 /* ARTwitterTests.xctest */ = {isa = PBXFileReference; explicitFileType = wrapper.cfbundle; includeInIndex = 0; path = ARTwitterTests.xctest; sourceTree = BUILT_PRODUCTS_DIR; };
		75E3EC2F1F3C77550089EB25 /* ARTwitterTests.swift */ = {isa = PBXFileReference; lastKnownFileType = sourcecode.swift; path = ARTwitterTests.swift; sourceTree = "<group>"; };
		75E3EC311F3C77550089EB25 /* Info.plist */ = {isa = PBXFileReference; lastKnownFileType = text.plist.xml; path = Info.plist; sourceTree = "<group>"; };
		75E3EC361F3C77550089EB25 /* ARTwitterUITests.xctest */ = {isa = PBXFileReference; explicitFileType = wrapper.cfbundle; includeInIndex = 0; path = ARTwitterUITests.xctest; sourceTree = BUILT_PRODUCTS_DIR; };
		75E3EC3A1F3C77550089EB25 /* ARTwitterUITests.swift */ = {isa = PBXFileReference; lastKnownFileType = sourcecode.swift; path = ARTwitterUITests.swift; sourceTree = "<group>"; };
		75E3EC3C1F3C77550089EB25 /* Info.plist */ = {isa = PBXFileReference; lastKnownFileType = text.plist.xml; path = Info.plist; sourceTree = "<group>"; };
		7B93B45EC5F9453362DD691D /* Pods-ARTwitter.debug.xcconfig */ = {isa = PBXFileReference; includeInIndex = 1; lastKnownFileType = text.xcconfig; name = "Pods-ARTwitter.debug.xcconfig"; path = "Pods/Target Support Files/Pods-ARTwitter/Pods-ARTwitter.debug.xcconfig"; sourceTree = "<group>"; };
		8002776E02A95E1D2241DC99 /* Pods_ARTwitterUITests.framework */ = {isa = PBXFileReference; explicitFileType = wrapper.framework; includeInIndex = 0; path = Pods_ARTwitterUITests.framework; sourceTree = BUILT_PRODUCTS_DIR; };
		ABC03A4DC27D5176E2F118EC /* Pods_ARTwitter.framework */ = {isa = PBXFileReference; explicitFileType = wrapper.framework; includeInIndex = 0; path = Pods_ARTwitter.framework; sourceTree = BUILT_PRODUCTS_DIR; };
		C59773F0D52EF67FF3480C9E /* Pods-ARTwitterUITests.debug.xcconfig */ = {isa = PBXFileReference; includeInIndex = 1; lastKnownFileType = text.xcconfig; name = "Pods-ARTwitterUITests.debug.xcconfig"; path = "Pods/Target Support Files/Pods-ARTwitterUITests/Pods-ARTwitterUITests.debug.xcconfig"; sourceTree = "<group>"; };
		D094F6D01F493AC500210D7C /* TimeLineView.swift */ = {isa = PBXFileReference; fileEncoding = 4; lastKnownFileType = sourcecode.swift; path = TimeLineView.swift; sourceTree = "<group>"; };
/* End PBXFileReference section */

/* Begin PBXFrameworksBuildPhase section */
		75E3EC111F3C77540089EB25 /* Frameworks */ = {
			isa = PBXFrameworksBuildPhase;
			buildActionMask = 2147483647;
			files = (
				756F917A1F4EBD4A00DD380C /* CoreLocation.framework in Frameworks */,
				756F91781F4EBD4200DD380C /* CoreMotion.framework in Frameworks */,
				756F91761F4EBD3700DD380C /* MapKit.framework in Frameworks */,
				AC53915186EF4046D02758D8 /* Pods_ARTwitter.framework in Frameworks */,
			);
			runOnlyForDeploymentPostprocessing = 0;
		};
		75E3EC281F3C77550089EB25 /* Frameworks */ = {
			isa = PBXFrameworksBuildPhase;
			buildActionMask = 2147483647;
			files = (
				DA353C264E30FFB456231E2A /* Pods_ARTwitterTests.framework in Frameworks */,
			);
			runOnlyForDeploymentPostprocessing = 0;
		};
		75E3EC331F3C77550089EB25 /* Frameworks */ = {
			isa = PBXFrameworksBuildPhase;
			buildActionMask = 2147483647;
			files = (
				41709C598D8CBD5B64EA0BDD /* Pods_ARTwitterUITests.framework in Frameworks */,
			);
			runOnlyForDeploymentPostprocessing = 0;
		};
/* End PBXFrameworksBuildPhase section */

/* Begin PBXGroup section */
		6BDB6D986CAFE36F145DD793 /* Frameworks */ = {
			isa = PBXGroup;
			children = (
				756F91791F4EBD4A00DD380C /* CoreLocation.framework */,
				756F91771F4EBD4200DD380C /* CoreMotion.framework */,
				756F91751F4EBD3600DD380C /* MapKit.framework */,
				ABC03A4DC27D5176E2F118EC /* Pods_ARTwitter.framework */,
				61F519CE83A3979C87A6F826 /* Pods_ARTwitterTests.framework */,
				8002776E02A95E1D2241DC99 /* Pods_ARTwitterUITests.framework */,
			);
			name = Frameworks;
			sourceTree = "<group>";
		};
		75009D551F4EAD86002021DC /* HDAugmentedReality */ = {
			isa = PBXGroup;
			children = (
				75009D561F4EAD86002021DC /* Classes */,
				75009D5E1F4EAD86002021DC /* Resources */,
			);
			path = HDAugmentedReality;
			sourceTree = "<group>";
		};
		75009D561F4EAD86002021DC /* Classes */ = {
			isa = PBXGroup;
			children = (
				75009D571F4EAD86002021DC /* ARAnnotation.swift */,
				75009D581F4EAD86002021DC /* ARAnnotationView.swift */,
				75009D591F4EAD86002021DC /* ARConfiguration.swift */,
				75009D5A1F4EAD86002021DC /* ARTrackingManager.swift */,
				75009D5B1F4EAD86002021DC /* ARViewController.swift */,
				75009D5C1F4EAD86002021DC /* Debug */,
			);
			path = Classes;
			sourceTree = "<group>";
		};
		75009D5C1F4EAD86002021DC /* Debug */ = {
			isa = PBXGroup;
			children = (
				75009D5D1F4EAD86002021DC /* DebugMapViewController.swift */,
			);
			path = Debug;
			sourceTree = "<group>";
		};
		75009D5E1F4EAD86002021DC /* Resources */ = {
			isa = PBXGroup;
			children = (
				75009D5F1F4EAD86002021DC /* DebugMapViewController.xib */,
				75009D601F4EAD86002021DC /* hdar_close.png */,
				75009D611F4EAD86002021DC /* hdar_close@2x.png */,
				75009D621F4EAD86002021DC /* hdar_close@3x.png */,
			);
			path = Resources;
			sourceTree = "<group>";
		};
		75E3EC0B1F3C77540089EB25 = {
			isa = PBXGroup;
			children = (
				75E3EC161F3C77540089EB25 /* ARTwitter */,
				75E3EC2E1F3C77550089EB25 /* ARTwitterTests */,
				75E3EC391F3C77550089EB25 /* ARTwitterUITests */,
				75E3EC151F3C77540089EB25 /* Products */,
				8AC403D8D12527A6EDBE1BA6 /* Pods */,
				6BDB6D986CAFE36F145DD793 /* Frameworks */,
			);
			sourceTree = "<group>";
		};
		75E3EC151F3C77540089EB25 /* Products */ = {
			isa = PBXGroup;
			children = (
				75E3EC141F3C77540089EB25 /* ARTwitter.app */,
				75E3EC2B1F3C77550089EB25 /* ARTwitterTests.xctest */,
				75E3EC361F3C77550089EB25 /* ARTwitterUITests.xctest */,
			);
			name = Products;
			sourceTree = "<group>";
		};
		75E3EC161F3C77540089EB25 /* ARTwitter */ = {
			isa = PBXGroup;
			children = (
				75E3EC171F3C77540089EB25 /* AppDelegate.swift */,
				75E3EC191F3C77540089EB25 /* loginViewController.swift */,
				75DF91561F4CFA3000D31A51 /* NextViewContoller.swift */,
				75DF91541F4CF86500D31A51 /* WebViewController.swift */,
				752BB3891F4D1793000C2733 /* CameraViewController.swift */,
				D094F6D01F493AC500210D7C /* TimeLineView.swift */,
				75BA30EF1F4EC0EA00119E7A /* Main.storyboard */,
				75642A111F4D1E0100863E10 /* TestViewController.swift */,
				75DC4FF31F4C4EEA00A87529 /* TwitterCommunicator.swift */,
				754EF99B1F4EC5E2009516A1 /* ViewController.swift */,
				75009D311F4E9D5E002021DC /* PlaceAnnotation.swift */,
				75009D2F1F4E9D58002021DC /* Place.swift */,
				75009D331F4E9D65002021DC /* PlacesLoader.swift */,
				75009D2D1F4E9D4F002021DC /* AnnotationView.swift */,
				75009D551F4EAD86002021DC /* HDAugmentedReality */,
				75E3EC211F3C77540089EB25 /* Assets.xcassets */,
				75E3EC231F3C77540089EB25 /* LaunchScreen.storyboard */,
				75E3EC261F3C77540089EB25 /* Info.plist */,
				75E3EC1E1F3C77540089EB25 /* ARTwitter.xcdatamodeld */,
			);
			path = ARTwitter;
			sourceTree = "<group>";
		};
		75E3EC2E1F3C77550089EB25 /* ARTwitterTests */ = {
			isa = PBXGroup;
			children = (
				75E3EC2F1F3C77550089EB25 /* ARTwitterTests.swift */,
				75E3EC311F3C77550089EB25 /* Info.plist */,
			);
			path = ARTwitterTests;
			sourceTree = "<group>";
		};
		75E3EC391F3C77550089EB25 /* ARTwitterUITests */ = {
			isa = PBXGroup;
			children = (
				75E3EC3A1F3C77550089EB25 /* ARTwitterUITests.swift */,
				75E3EC3C1F3C77550089EB25 /* Info.plist */,
			);
			path = ARTwitterUITests;
			sourceTree = "<group>";
		};
		8AC403D8D12527A6EDBE1BA6 /* Pods */ = {
			isa = PBXGroup;
			children = (
				7B93B45EC5F9453362DD691D /* Pods-ARTwitter.debug.xcconfig */,
				1100588E733A467D5FAD7F9E /* Pods-ARTwitter.release.xcconfig */,
				6606AAEC89332B7801922320 /* Pods-ARTwitterTests.debug.xcconfig */,
				4584ADB4388348D5967E8659 /* Pods-ARTwitterTests.release.xcconfig */,
				C59773F0D52EF67FF3480C9E /* Pods-ARTwitterUITests.debug.xcconfig */,
				51515F134596A5B11374D29A /* Pods-ARTwitterUITests.release.xcconfig */,
			);
			name = Pods;
			sourceTree = "<group>";
		};
/* End PBXGroup section */

/* Begin PBXNativeTarget section */
		75E3EC131F3C77540089EB25 /* ARTwitter */ = {
			isa = PBXNativeTarget;
			buildConfigurationList = 75E3EC3F1F3C77550089EB25 /* Build configuration list for PBXNativeTarget "ARTwitter" */;
			buildPhases = (
				E350BE4114537D1E7989EA56 /* [CP] Check Pods Manifest.lock */,
				75E3EC101F3C77540089EB25 /* Sources */,
				75E3EC111F3C77540089EB25 /* Frameworks */,
				75E3EC121F3C77540089EB25 /* Resources */,
				9180BF38221B4E43B2227BD5 /* [CP] Embed Pods Frameworks */,
				40765B4554975FAA41C6F03F /* [CP] Copy Pods Resources */,
			);
			buildRules = (
			);
			dependencies = (
			);
			name = ARTwitter;
			productName = ARTwitter;
			productReference = 75E3EC141F3C77540089EB25 /* ARTwitter.app */;
			productType = "com.apple.product-type.application";
		};
		75E3EC2A1F3C77550089EB25 /* ARTwitterTests */ = {
			isa = PBXNativeTarget;
			buildConfigurationList = 75E3EC421F3C77550089EB25 /* Build configuration list for PBXNativeTarget "ARTwitterTests" */;
			buildPhases = (
				2F945B26012A8E5E232C346C /* [CP] Check Pods Manifest.lock */,
				75E3EC271F3C77550089EB25 /* Sources */,
				75E3EC281F3C77550089EB25 /* Frameworks */,
				75E3EC291F3C77550089EB25 /* Resources */,
				6E66C030555EEC125AE1363A /* [CP] Embed Pods Frameworks */,
				417798048F8622B506C842C9 /* [CP] Copy Pods Resources */,
			);
			buildRules = (
			);
			dependencies = (
				75E3EC2D1F3C77550089EB25 /* PBXTargetDependency */,
			);
			name = ARTwitterTests;
			productName = ARTwitterTests;
			productReference = 75E3EC2B1F3C77550089EB25 /* ARTwitterTests.xctest */;
			productType = "com.apple.product-type.bundle.unit-test";
		};
		75E3EC351F3C77550089EB25 /* ARTwitterUITests */ = {
			isa = PBXNativeTarget;
			buildConfigurationList = 75E3EC451F3C77550089EB25 /* Build configuration list for PBXNativeTarget "ARTwitterUITests" */;
			buildPhases = (
				12B977ABFB5404EEDAEFC3E0 /* [CP] Check Pods Manifest.lock */,
				75E3EC321F3C77550089EB25 /* Sources */,
				75E3EC331F3C77550089EB25 /* Frameworks */,
				75E3EC341F3C77550089EB25 /* Resources */,
				5CAE96B83871FA2D29A9F578 /* [CP] Embed Pods Frameworks */,
				6D274ADA59969109D64355A3 /* [CP] Copy Pods Resources */,
			);
			buildRules = (
			);
			dependencies = (
				75E3EC381F3C77550089EB25 /* PBXTargetDependency */,
			);
			name = ARTwitterUITests;
			productName = ARTwitterUITests;
			productReference = 75E3EC361F3C77550089EB25 /* ARTwitterUITests.xctest */;
			productType = "com.apple.product-type.bundle.ui-testing";
		};
/* End PBXNativeTarget section */

/* Begin PBXProject section */
		75E3EC0C1F3C77540089EB25 /* Project object */ = {
			isa = PBXProject;
			attributes = {
				LastSwiftUpdateCheck = 0830;
				LastUpgradeCheck = 0830;
				ORGANIZATIONNAME = arsjam;
				TargetAttributes = {
					75E3EC131F3C77540089EB25 = {
						CreatedOnToolsVersion = 8.3.3;
						DevelopmentTeam = V8X993MA4F;
						ProvisioningStyle = Automatic;
					};
					75E3EC2A1F3C77550089EB25 = {
						CreatedOnToolsVersion = 8.3.3;
						DevelopmentTeam = 62ZE3Y948A;
						ProvisioningStyle = Automatic;
						TestTargetID = 75E3EC131F3C77540089EB25;
					};
					75E3EC351F3C77550089EB25 = {
						CreatedOnToolsVersion = 8.3.3;
						DevelopmentTeam = 62ZE3Y948A;
						ProvisioningStyle = Automatic;
						TestTargetID = 75E3EC131F3C77540089EB25;
					};
				};
			};
			buildConfigurationList = 75E3EC0F1F3C77540089EB25 /* Build configuration list for PBXProject "ARTwitter" */;
			compatibilityVersion = "Xcode 3.2";
			developmentRegion = English;
			hasScannedForEncodings = 0;
			knownRegions = (
				en,
				Base,
			);
			mainGroup = 75E3EC0B1F3C77540089EB25;
			productRefGroup = 75E3EC151F3C77540089EB25 /* Products */;
			projectDirPath = "";
			projectRoot = "";
			targets = (
				75E3EC131F3C77540089EB25 /* ARTwitter */,
				75E3EC2A1F3C77550089EB25 /* ARTwitterTests */,
				75E3EC351F3C77550089EB25 /* ARTwitterUITests */,
			);
		};
/* End PBXProject section */

/* Begin PBXResourcesBuildPhase section */
		75E3EC121F3C77540089EB25 /* Resources */ = {
			isa = PBXResourcesBuildPhase;
			buildActionMask = 2147483647;
			files = (
				754BCCF81F4F32CF00632F6C /* DebugMapViewController.xib in Resources */,
				754BCCF91F4F32CF00632F6C /* hdar_close.png in Resources */,
				754BCCFA1F4F32CF00632F6C /* hdar_close@2x.png in Resources */,
				754BCCFB1F4F32CF00632F6C /* hdar_close@3x.png in Resources */,
				75BA30F01F4EC0EA00119E7A /* Main.storyboard in Resources */,
				75E3EC251F3C77540089EB25 /* LaunchScreen.storyboard in Resources */,
				75E3EC221F3C77540089EB25 /* Assets.xcassets in Resources */,
			);
			runOnlyForDeploymentPostprocessing = 0;
		};
		75E3EC291F3C77550089EB25 /* Resources */ = {
			isa = PBXResourcesBuildPhase;
			buildActionMask = 2147483647;
			files = (
			);
			runOnlyForDeploymentPostprocessing = 0;
		};
		75E3EC341F3C77550089EB25 /* Resources */ = {
			isa = PBXResourcesBuildPhase;
			buildActionMask = 2147483647;
			files = (
			);
			runOnlyForDeploymentPostprocessing = 0;
		};
/* End PBXResourcesBuildPhase section */

/* Begin PBXShellScriptBuildPhase section */
		12B977ABFB5404EEDAEFC3E0 /* [CP] Check Pods Manifest.lock */ = {
			isa = PBXShellScriptBuildPhase;
			buildActionMask = 2147483647;
			files = (
			);
			inputPaths = (
				"${PODS_PODFILE_DIR_PATH}/Podfile.lock",
				"${PODS_ROOT}/Manifest.lock",
			);
			name = "[CP] Check Pods Manifest.lock";
			outputPaths = (
				"$(DERIVED_FILE_DIR)/Pods-ARTwitterUITests-checkManifestLockResult.txt",
			);
			runOnlyForDeploymentPostprocessing = 0;
			shellPath = /bin/sh;
			shellScript = "diff \"${PODS_PODFILE_DIR_PATH}/Podfile.lock\" \"${PODS_ROOT}/Manifest.lock\" > /dev/null\nif [ $? != 0 ] ; then\n    # print error to STDERR\n    echo \"error: The sandbox is not in sync with the Podfile.lock. Run 'pod install' or update your CocoaPods installation.\" >&2\n    exit 1\nfi\n# This output is used by Xcode 'outputs' to avoid re-running this script phase.\necho \"SUCCESS\" > \"${SCRIPT_OUTPUT_FILE_0}\"\n";
			showEnvVarsInLog = 0;
		};
		2F945B26012A8E5E232C346C /* [CP] Check Pods Manifest.lock */ = {
			isa = PBXShellScriptBuildPhase;
			buildActionMask = 2147483647;
			files = (
			);
			inputPaths = (
				"${PODS_PODFILE_DIR_PATH}/Podfile.lock",
				"${PODS_ROOT}/Manifest.lock",
			);
			name = "[CP] Check Pods Manifest.lock";
			outputPaths = (
				"$(DERIVED_FILE_DIR)/Pods-ARTwitterTests-checkManifestLockResult.txt",
			);
			runOnlyForDeploymentPostprocessing = 0;
			shellPath = /bin/sh;
			shellScript = "diff \"${PODS_PODFILE_DIR_PATH}/Podfile.lock\" \"${PODS_ROOT}/Manifest.lock\" > /dev/null\nif [ $? != 0 ] ; then\n    # print error to STDERR\n    echo \"error: The sandbox is not in sync with the Podfile.lock. Run 'pod install' or update your CocoaPods installation.\" >&2\n    exit 1\nfi\n# This output is used by Xcode 'outputs' to avoid re-running this script phase.\necho \"SUCCESS\" > \"${SCRIPT_OUTPUT_FILE_0}\"\n";
			showEnvVarsInLog = 0;
		};
		40765B4554975FAA41C6F03F /* [CP] Copy Pods Resources */ = {
			isa = PBXShellScriptBuildPhase;
			buildActionMask = 2147483647;
			files = (
			);
			inputPaths = (
				"${SRCROOT}/Pods/Target Support Files/Pods-ARTwitter/Pods-ARTwitter-resources.sh",
				"${PODS_ROOT}/GoogleMaps/Maps/Frameworks/GoogleMaps.framework/Resources/GoogleMaps.bundle",
				"${PODS_ROOT}/GooglePlacePicker/Frameworks/GooglePlacePicker.framework/Resources/GooglePlacePicker.bundle",
				"${PODS_ROOT}/GooglePlaces/Frameworks/GooglePlaces.framework/Resources/GooglePlaces.bundle",
				"${PODS_ROOT}/TwitterKit/iOS/TwitterKit.framework/Versions/A/Resources/TwitterKitResources.bundle",
			);
			name = "[CP] Copy Pods Resources";
			outputPaths = (
				"${TARGET_BUILD_DIR}/${UNLOCALIZED_RESOURCES_FOLDER_PATH}",
			);
			runOnlyForDeploymentPostprocessing = 0;
			shellPath = /bin/sh;
			shellScript = "\"${SRCROOT}/Pods/Target Support Files/Pods-ARTwitter/Pods-ARTwitter-resources.sh\"\n";
			showEnvVarsInLog = 0;
		};
		417798048F8622B506C842C9 /* [CP] Copy Pods Resources */ = {
			isa = PBXShellScriptBuildPhase;
			buildActionMask = 2147483647;
			files = (
			);
			inputPaths = (
			);
			name = "[CP] Copy Pods Resources";
			outputPaths = (
			);
			runOnlyForDeploymentPostprocessing = 0;
			shellPath = /bin/sh;
			shellScript = "\"${SRCROOT}/Pods/Target Support Files/Pods-ARTwitterTests/Pods-ARTwitterTests-resources.sh\"\n";
			showEnvVarsInLog = 0;
		};
		5CAE96B83871FA2D29A9F578 /* [CP] Embed Pods Frameworks */ = {
			isa = PBXShellScriptBuildPhase;
			buildActionMask = 2147483647;
			files = (
			);
			inputPaths = (
			);
			name = "[CP] Embed Pods Frameworks";
			outputPaths = (
			);
			runOnlyForDeploymentPostprocessing = 0;
			shellPath = /bin/sh;
			shellScript = "\"${SRCROOT}/Pods/Target Support Files/Pods-ARTwitterUITests/Pods-ARTwitterUITests-frameworks.sh\"\n";
			showEnvVarsInLog = 0;
		};
		6D274ADA59969109D64355A3 /* [CP] Copy Pods Resources */ = {
			isa = PBXShellScriptBuildPhase;
			buildActionMask = 2147483647;
			files = (
			);
			inputPaths = (
			);
			name = "[CP] Copy Pods Resources";
			outputPaths = (
			);
			runOnlyForDeploymentPostprocessing = 0;
			shellPath = /bin/sh;
			shellScript = "\"${SRCROOT}/Pods/Target Support Files/Pods-ARTwitterUITests/Pods-ARTwitterUITests-resources.sh\"\n";
			showEnvVarsInLog = 0;
		};
		6E66C030555EEC125AE1363A /* [CP] Embed Pods Frameworks */ = {
			isa = PBXShellScriptBuildPhase;
			buildActionMask = 2147483647;
			files = (
			);
			inputPaths = (
			);
			name = "[CP] Embed Pods Frameworks";
			outputPaths = (
			);
			runOnlyForDeploymentPostprocessing = 0;
			shellPath = /bin/sh;
			shellScript = "\"${SRCROOT}/Pods/Target Support Files/Pods-ARTwitterTests/Pods-ARTwitterTests-frameworks.sh\"\n";
			showEnvVarsInLog = 0;
		};
		9180BF38221B4E43B2227BD5 /* [CP] Embed Pods Frameworks */ = {
			isa = PBXShellScriptBuildPhase;
			buildActionMask = 2147483647;
			files = (
			);
			inputPaths = (
				"${SRCROOT}/Pods/Target Support Files/Pods-ARTwitter/Pods-ARTwitter-frameworks.sh",
				"${BUILT_PRODUCTS_DIR}/EAIntroView/EAIntroView.framework",
				"${BUILT_PRODUCTS_DIR}/EARestrictedScrollView/EARestrictedScrollView.framework",
			);
			name = "[CP] Embed Pods Frameworks";
			outputPaths = (
				"${TARGET_BUILD_DIR}/${FRAMEWORKS_FOLDER_PATH}/EAIntroView.framework",
				"${TARGET_BUILD_DIR}/${FRAMEWORKS_FOLDER_PATH}/EARestrictedScrollView.framework",
			);
			runOnlyForDeploymentPostprocessing = 0;
			shellPath = /bin/sh;
			shellScript = "\"${SRCROOT}/Pods/Target Support Files/Pods-ARTwitter/Pods-ARTwitter-frameworks.sh\"\n";
			showEnvVarsInLog = 0;
		};
		E350BE4114537D1E7989EA56 /* [CP] Check Pods Manifest.lock */ = {
			isa = PBXShellScriptBuildPhase;
			buildActionMask = 2147483647;
			files = (
			);
			inputPaths = (
				"${PODS_PODFILE_DIR_PATH}/Podfile.lock",
				"${PODS_ROOT}/Manifest.lock",
			);
			name = "[CP] Check Pods Manifest.lock";
			outputPaths = (
				"$(DERIVED_FILE_DIR)/Pods-ARTwitter-checkManifestLockResult.txt",
			);
			runOnlyForDeploymentPostprocessing = 0;
			shellPath = /bin/sh;
			shellScript = "diff \"${PODS_PODFILE_DIR_PATH}/Podfile.lock\" \"${PODS_ROOT}/Manifest.lock\" > /dev/null\nif [ $? != 0 ] ; then\n    # print error to STDERR\n    echo \"error: The sandbox is not in sync with the Podfile.lock. Run 'pod install' or update your CocoaPods installation.\" >&2\n    exit 1\nfi\n# This output is used by Xcode 'outputs' to avoid re-running this script phase.\necho \"SUCCESS\" > \"${SCRIPT_OUTPUT_FILE_0}\"\n";
			showEnvVarsInLog = 0;
		};
/* End PBXShellScriptBuildPhase section */

/* Begin PBXSourcesBuildPhase section */
		75E3EC101F3C77540089EB25 /* Sources */ = {
			isa = PBXSourcesBuildPhase;
			buildActionMask = 2147483647;
			files = (
				75009D631F4EADCE002021DC /* ARAnnotation.swift in Sources */,
				75009D641F4EADCE002021DC /* ARAnnotationView.swift in Sources */,
				75009D651F4EADCE002021DC /* ARConfiguration.swift in Sources */,
				75009D661F4EADCE002021DC /* ARTrackingManager.swift in Sources */,
				75009D671F4EADCE002021DC /* ARViewController.swift in Sources */,
				75009D681F4EADCE002021DC /* DebugMapViewController.swift in Sources */,
				75DF91571F4CFA3000D31A51 /* NextViewContoller.swift in Sources */,
				75009D341F4E9D66002021DC /* PlacesLoader.swift in Sources */,
				75E3EC201F3C77540089EB25 /* ARTwitter.xcdatamodeld in Sources */,
				75DF91551F4CF86500D31A51 /* WebViewController.swift in Sources */,
				754EF99C1F4EC5E2009516A1 /* ViewController.swift in Sources */,
				75E3EC1A1F3C77540089EB25 /* loginViewController.swift in Sources */,
				75009D321F4E9D5E002021DC /* PlaceAnnotation.swift in Sources */,
				75E3EC181F3C77540089EB25 /* AppDelegate.swift in Sources */,
				752BB38A1F4D1793000C2733 /* CameraViewController.swift in Sources */,
				D094F6D11F493AC500210D7C /* TimeLineView.swift in Sources */,
				75009D2E1F4E9D4F002021DC /* AnnotationView.swift in Sources */,
				75642A121F4D1E0100863E10 /* TestViewController.swift in Sources */,
				75009D301F4E9D58002021DC /* Place.swift in Sources */,
				75DC4FF41F4C4EEA00A87529 /* TwitterCommunicator.swift in Sources */,
			);
			runOnlyForDeploymentPostprocessing = 0;
		};
		75E3EC271F3C77550089EB25 /* Sources */ = {
			isa = PBXSourcesBuildPhase;
			buildActionMask = 2147483647;
			files = (
				75E3EC301F3C77550089EB25 /* ARTwitterTests.swift in Sources */,
			);
			runOnlyForDeploymentPostprocessing = 0;
		};
		75E3EC321F3C77550089EB25 /* Sources */ = {
			isa = PBXSourcesBuildPhase;
			buildActionMask = 2147483647;
			files = (
				75E3EC3B1F3C77550089EB25 /* ARTwitterUITests.swift in Sources */,
			);
			runOnlyForDeploymentPostprocessing = 0;
		};
/* End PBXSourcesBuildPhase section */

/* Begin PBXTargetDependency section */
		75E3EC2D1F3C77550089EB25 /* PBXTargetDependency */ = {
			isa = PBXTargetDependency;
			target = 75E3EC131F3C77540089EB25 /* ARTwitter */;
			targetProxy = 75E3EC2C1F3C77550089EB25 /* PBXContainerItemProxy */;
		};
		75E3EC381F3C77550089EB25 /* PBXTargetDependency */ = {
			isa = PBXTargetDependency;
			target = 75E3EC131F3C77540089EB25 /* ARTwitter */;
			targetProxy = 75E3EC371F3C77550089EB25 /* PBXContainerItemProxy */;
		};
/* End PBXTargetDependency section */

/* Begin PBXVariantGroup section */
		75E3EC231F3C77540089EB25 /* LaunchScreen.storyboard */ = {
			isa = PBXVariantGroup;
			children = (
				75E3EC241F3C77540089EB25 /* Base */,
			);
			name = LaunchScreen.storyboard;
			sourceTree = "<group>";
		};
/* End PBXVariantGroup section */

/* Begin XCBuildConfiguration section */
		75E3EC3D1F3C77550089EB25 /* Debug */ = {
			isa = XCBuildConfiguration;
			buildSettings = {
				ALWAYS_SEARCH_USER_PATHS = NO;
				CLANG_ANALYZER_NONNULL = YES;
				CLANG_ANALYZER_NUMBER_OBJECT_CONVERSION = YES_AGGRESSIVE;
				CLANG_CXX_LANGUAGE_STANDARD = "gnu++0x";
				CLANG_CXX_LIBRARY = "libc++";
				CLANG_ENABLE_MODULES = YES;
				CLANG_ENABLE_OBJC_ARC = YES;
				CLANG_WARN_BOOL_CONVERSION = YES;
				CLANG_WARN_CONSTANT_CONVERSION = YES;
				CLANG_WARN_DIRECT_OBJC_ISA_USAGE = YES_ERROR;
				CLANG_WARN_DOCUMENTATION_COMMENTS = YES;
				CLANG_WARN_EMPTY_BODY = YES;
				CLANG_WARN_ENUM_CONVERSION = YES;
				CLANG_WARN_INFINITE_RECURSION = YES;
				CLANG_WARN_INT_CONVERSION = YES;
				CLANG_WARN_OBJC_ROOT_CLASS = YES_ERROR;
				CLANG_WARN_SUSPICIOUS_MOVE = YES;
				CLANG_WARN_UNREACHABLE_CODE = YES;
				CLANG_WARN__DUPLICATE_METHOD_MATCH = YES;
				"CODE_SIGN_IDENTITY[sdk=iphoneos*]" = "iPhone Developer";
				COPY_PHASE_STRIP = NO;
				DEBUG_INFORMATION_FORMAT = dwarf;
				ENABLE_STRICT_OBJC_MSGSEND = YES;
				ENABLE_TESTABILITY = YES;
				GCC_C_LANGUAGE_STANDARD = gnu99;
				GCC_DYNAMIC_NO_PIC = NO;
				GCC_NO_COMMON_BLOCKS = YES;
				GCC_OPTIMIZATION_LEVEL = 0;
				GCC_PREPROCESSOR_DEFINITIONS = (
					"DEBUG=1",
					"$(inherited)",
				);
				GCC_WARN_64_TO_32_BIT_CONVERSION = YES;
				GCC_WARN_ABOUT_RETURN_TYPE = YES_ERROR;
				GCC_WARN_UNDECLARED_SELECTOR = YES;
				GCC_WARN_UNINITIALIZED_AUTOS = YES_AGGRESSIVE;
				GCC_WARN_UNUSED_FUNCTION = YES;
				GCC_WARN_UNUSED_VARIABLE = YES;
				IPHONEOS_DEPLOYMENT_TARGET = 10.2;
				MTL_ENABLE_DEBUG_INFO = YES;
				ONLY_ACTIVE_ARCH = YES;
				SDKROOT = iphoneos;
				SWIFT_ACTIVE_COMPILATION_CONDITIONS = DEBUG;
				SWIFT_OPTIMIZATION_LEVEL = "-Onone";
				TARGETED_DEVICE_FAMILY = "1,2";
			};
			name = Debug;
		};
		75E3EC3E1F3C77550089EB25 /* Release */ = {
			isa = XCBuildConfiguration;
			buildSettings = {
				ALWAYS_SEARCH_USER_PATHS = NO;
				CLANG_ANALYZER_NONNULL = YES;
				CLANG_ANALYZER_NUMBER_OBJECT_CONVERSION = YES_AGGRESSIVE;
				CLANG_CXX_LANGUAGE_STANDARD = "gnu++0x";
				CLANG_CXX_LIBRARY = "libc++";
				CLANG_ENABLE_MODULES = YES;
				CLANG_ENABLE_OBJC_ARC = YES;
				CLANG_WARN_BOOL_CONVERSION = YES;
				CLANG_WARN_CONSTANT_CONVERSION = YES;
				CLANG_WARN_DIRECT_OBJC_ISA_USAGE = YES_ERROR;
				CLANG_WARN_DOCUMENTATION_COMMENTS = YES;
				CLANG_WARN_EMPTY_BODY = YES;
				CLANG_WARN_ENUM_CONVERSION = YES;
				CLANG_WARN_INFINITE_RECURSION = YES;
				CLANG_WARN_INT_CONVERSION = YES;
				CLANG_WARN_OBJC_ROOT_CLASS = YES_ERROR;
				CLANG_WARN_SUSPICIOUS_MOVE = YES;
				CLANG_WARN_UNREACHABLE_CODE = YES;
				CLANG_WARN__DUPLICATE_METHOD_MATCH = YES;
				"CODE_SIGN_IDENTITY[sdk=iphoneos*]" = "iPhone Developer";
				COPY_PHASE_STRIP = NO;
				DEBUG_INFORMATION_FORMAT = "dwarf-with-dsym";
				ENABLE_NS_ASSERTIONS = NO;
				ENABLE_STRICT_OBJC_MSGSEND = YES;
				GCC_C_LANGUAGE_STANDARD = gnu99;
				GCC_NO_COMMON_BLOCKS = YES;
				GCC_WARN_64_TO_32_BIT_CONVERSION = YES;
				GCC_WARN_ABOUT_RETURN_TYPE = YES_ERROR;
				GCC_WARN_UNDECLARED_SELECTOR = YES;
				GCC_WARN_UNINITIALIZED_AUTOS = YES_AGGRESSIVE;
				GCC_WARN_UNUSED_FUNCTION = YES;
				GCC_WARN_UNUSED_VARIABLE = YES;
				IPHONEOS_DEPLOYMENT_TARGET = 10.2;
				MTL_ENABLE_DEBUG_INFO = NO;
				SDKROOT = iphoneos;
				SWIFT_OPTIMIZATION_LEVEL = "-Owholemodule";
				TARGETED_DEVICE_FAMILY = "1,2";
				VALIDATE_PRODUCT = YES;
			};
			name = Release;
		};
		75E3EC401F3C77550089EB25 /* Debug */ = {
			isa = XCBuildConfiguration;
			baseConfigurationReference = 7B93B45EC5F9453362DD691D /* Pods-ARTwitter.debug.xcconfig */;
			buildSettings = {
				ASSETCATALOG_COMPILER_APPICON_NAME = AppIcon;
				DEVELOPMENT_TEAM = V8X993MA4F;
				INFOPLIST_FILE = ARTwitter/Info.plist;
				IPHONEOS_DEPLOYMENT_TARGET = 10.2;
				LD_RUNPATH_SEARCH_PATHS = "$(inherited) @executable_path/Frameworks";
				PRODUCT_BUNDLE_IDENTIFIER = oremushi.ARTwitter2;
				PRODUCT_NAME = "$(TARGET_NAME)";
				SWIFT_VERSION = 3.0;
			};
			name = Debug;
		};
		75E3EC411F3C77550089EB25 /* Release */ = {
			isa = XCBuildConfiguration;
			baseConfigurationReference = 1100588E733A467D5FAD7F9E /* Pods-ARTwitter.release.xcconfig */;
			buildSettings = {
				ASSETCATALOG_COMPILER_APPICON_NAME = AppIcon;
				DEVELOPMENT_TEAM = V8X993MA4F;
				INFOPLIST_FILE = ARTwitter/Info.plist;
				IPHONEOS_DEPLOYMENT_TARGET = 10.2;
				LD_RUNPATH_SEARCH_PATHS = "$(inherited) @executable_path/Frameworks";
				PRODUCT_BUNDLE_IDENTIFIER = oremushi.ARTwitter2;
				PRODUCT_NAME = "$(TARGET_NAME)";
				SWIFT_VERSION = 3.0;
			};
			name = Release;
		};
		75E3EC431F3C77550089EB25 /* Debug */ = {
			isa = XCBuildConfiguration;
			baseConfigurationReference = 6606AAEC89332B7801922320 /* Pods-ARTwitterTests.debug.xcconfig */;
			buildSettings = {
				ALWAYS_EMBED_SWIFT_STANDARD_LIBRARIES = YES;
				BUNDLE_LOADER = "$(TEST_HOST)";
				DEVELOPMENT_TEAM = 62ZE3Y948A;
				INFOPLIST_FILE = ARTwitterTests/Info.plist;
				LD_RUNPATH_SEARCH_PATHS = "$(inherited) @executable_path/Frameworks @loader_path/Frameworks";
				PRODUCT_BUNDLE_IDENTIFIER = arsjam.ARTwitterTests;
				PRODUCT_NAME = "$(TARGET_NAME)";
				SWIFT_VERSION = 3.0;
				TEST_HOST = "$(BUILT_PRODUCTS_DIR)/ARTwitter.app/ARTwitter";
			};
			name = Debug;
		};
		75E3EC441F3C77550089EB25 /* Release */ = {
			isa = XCBuildConfiguration;
			baseConfigurationReference = 4584ADB4388348D5967E8659 /* Pods-ARTwitterTests.release.xcconfig */;
			buildSettings = {
				ALWAYS_EMBED_SWIFT_STANDARD_LIBRARIES = YES;
				BUNDLE_LOADER = "$(TEST_HOST)";
				DEVELOPMENT_TEAM = 62ZE3Y948A;
				INFOPLIST_FILE = ARTwitterTests/Info.plist;
				LD_RUNPATH_SEARCH_PATHS = "$(inherited) @executable_path/Frameworks @loader_path/Frameworks";
				PRODUCT_BUNDLE_IDENTIFIER = arsjam.ARTwitterTests;
				PRODUCT_NAME = "$(TARGET_NAME)";
				SWIFT_VERSION = 3.0;
				TEST_HOST = "$(BUILT_PRODUCTS_DIR)/ARTwitter.app/ARTwitter";
			};
			name = Release;
		};
		75E3EC461F3C77550089EB25 /* Debug */ = {
			isa = XCBuildConfiguration;
			baseConfigurationReference = C59773F0D52EF67FF3480C9E /* Pods-ARTwitterUITests.debug.xcconfig */;
			buildSettings = {
				ALWAYS_EMBED_SWIFT_STANDARD_LIBRARIES = YES;
				DEVELOPMENT_TEAM = 62ZE3Y948A;
				INFOPLIST_FILE = ARTwitterUITests/Info.plist;
				LD_RUNPATH_SEARCH_PATHS = "$(inherited) @executable_path/Frameworks @loader_path/Frameworks";
				PRODUCT_BUNDLE_IDENTIFIER = arsjam.ARTwitterUITests;
				PRODUCT_NAME = "$(TARGET_NAME)";
				SWIFT_VERSION = 3.0;
				TEST_TARGET_NAME = ARTwitter;
			};
			name = Debug;
		};
		75E3EC471F3C77550089EB25 /* Release */ = {
			isa = XCBuildConfiguration;
			baseConfigurationReference = 51515F134596A5B11374D29A /* Pods-ARTwitterUITests.release.xcconfig */;
			buildSettings = {
				ALWAYS_EMBED_SWIFT_STANDARD_LIBRARIES = YES;
				DEVELOPMENT_TEAM = 62ZE3Y948A;
				INFOPLIST_FILE = ARTwitterUITests/Info.plist;
				LD_RUNPATH_SEARCH_PATHS = "$(inherited) @executable_path/Frameworks @loader_path/Frameworks";
				PRODUCT_BUNDLE_IDENTIFIER = arsjam.ARTwitterUITests;
				PRODUCT_NAME = "$(TARGET_NAME)";
				SWIFT_VERSION = 3.0;
				TEST_TARGET_NAME = ARTwitter;
			};
			name = Release;
		};
/* End XCBuildConfiguration section */

/* Begin XCConfigurationList section */
		75E3EC0F1F3C77540089EB25 /* Build configuration list for PBXProject "ARTwitter" */ = {
			isa = XCConfigurationList;
			buildConfigurations = (
				75E3EC3D1F3C77550089EB25 /* Debug */,
				75E3EC3E1F3C77550089EB25 /* Release */,
			);
			defaultConfigurationIsVisible = 0;
			defaultConfigurationName = Release;
		};
		75E3EC3F1F3C77550089EB25 /* Build configuration list for PBXNativeTarget "ARTwitter" */ = {
			isa = XCConfigurationList;
			buildConfigurations = (
				75E3EC401F3C77550089EB25 /* Debug */,
				75E3EC411F3C77550089EB25 /* Release */,
			);
			defaultConfigurationIsVisible = 0;
			defaultConfigurationName = Release;
		};
		75E3EC421F3C77550089EB25 /* Build configuration list for PBXNativeTarget "ARTwitterTests" */ = {
			isa = XCConfigurationList;
			buildConfigurations = (
				75E3EC431F3C77550089EB25 /* Debug */,
				75E3EC441F3C77550089EB25 /* Release */,
			);
			defaultConfigurationIsVisible = 0;
			defaultConfigurationName = Release;
		};
		75E3EC451F3C77550089EB25 /* Build configuration list for PBXNativeTarget "ARTwitterUITests" */ = {
			isa = XCConfigurationList;
			buildConfigurations = (
				75E3EC461F3C77550089EB25 /* Debug */,
				75E3EC471F3C77550089EB25 /* Release */,
			);
			defaultConfigurationIsVisible = 0;
			defaultConfigurationName = Release;
		};
/* End XCConfigurationList section */

/* Begin XCVersionGroup section */
		75E3EC1E1F3C77540089EB25 /* ARTwitter.xcdatamodeld */ = {
			isa = XCVersionGroup;
			children = (
				75E3EC1F1F3C77540089EB25 /* ARTwitter.xcdatamodel */,
			);
			currentVersion = 75E3EC1F1F3C77540089EB25 /* ARTwitter.xcdatamodel */;
			path = ARTwitter.xcdatamodeld;
			sourceTree = "<group>";
			versionGroupType = wrapper.xcdatamodel;
		};
/* End XCVersionGroup section */
	};
	rootObject = 75E3EC0C1F3C77540089EB25 /* Project object */;
}
